
Microsoft Visual Studio Solution File, Format Version 12.00
# Visual Studio Version 16
VisualStudioVersion = 16.0.30523.141
MinimumVisualStudioVersion = 10.0.40219.1
Project("{FAE04EC0-301F-11D3-BF4B-00C04F79EFBC}") = "NEWPROJECT", "NEWPROJECT.csproj", "{0993F7B6-7F63-4F3D-A153-E9C48D34285C}"
EndProject
Project("{9A19103F-16F7-4668-BE54-9A1E7A4F7556}") = "NEWPROJECT-ConsoleApp", "NEWPROJECT-ConsoleApp\NEWPROJECT-ConsoleApp.csproj", "{78F1E905-EA3C-4619-B0FB-28BB3C747E84}"
EndProject
Project("{9A19103F-16F7-4668-BE54-9A1E7A4F7556}") = "NEWPROJECT-ASPCoreAPI", "NEWPROJECT-ASPCoreAPI\NEWPROJECT-ASPCoreAPI.csproj", "{46369AD5-2B99-45D8-93B4-F211F6DA3EB1}"
EndProject
Project("{9A19103F-16F7-4668-BE54-9A1E7A4F7556}") = "NEWPROJECT-ASPCoreEmpty", "NEWPROJECT-ASPCoreEmpty\NEWPROJECT-ASPCoreEmpty.csproj", "{23524233-E9C4-44DD-BE51-03268F6C3FA3}"
EndProject
Project("{9A19103F-16F7-4668-BE54-9A1E7A4F7556}") = "NEWPROJECT-ASPCoreMVC", "NEWPROJECT-ASPCoreMVC\NEWPROJECT-ASPCoreMVC.csproj", "{77BA8E24-031F-49C5-91A7-05CF53B36A4E}"
EndProject
Project("{9A19103F-16F7-4668-BE54-9A1E7A4F7556}") = "NEWPROJECT-ASPCoreWEB", "NEWPROJECT-ASPCoreWEB\NEWPROJECT-ASPCoreWEB.csproj", "{8559A0D6-C213-453E-A693-E344EDF62472}"
EndProject
Project("{9A19103F-16F7-4668-BE54-9A1E7A4F7556}") = "NEWPROJECT-AzureEmptyFunction", "NEWPROJECT-AzureEmptyFunction\NEWPROJECT-AzureEmptyFunction.csproj", "{2BC2E73D-44E6-4DD3-AFEE-258393C65893}"
EndProject
Project("{9A19103F-16F7-4668-BE54-9A1E7A4F7556}") = "NEWPROJECT-ClasslLibrary", "NEWPROJECT-ClasslLibrary\NEWPROJECT-ClasslLibrary.csproj", "{61A8DE5D-01AB-4F1D-B046-1F97FCB8E611}"
EndProject
Project("{9A19103F-16F7-4668-BE54-9A1E7A4F7556}") = "NEWPROJECT-GrpcService", "NEWPROJECT-GrpcService\NEWPROJECT-GrpcService.csproj", "{86029CC9-E67A-4E2B-B532-ADC6E99C773F}"
EndProject
Project("{9A19103F-16F7-4668-BE54-9A1E7A4F7556}") = "NEWPROJECT-MSTestProject", "NEWPROJECT-MSTestProject\NEWPROJECT-MSTestProject.csproj", "{462F58DC-2D97-4311-A780-3083163B3FEF}"
EndProject
Project("{9A19103F-16F7-4668-BE54-9A1E7A4F7556}") = "NEWPROJECT-NUnitTestProject", "NEWPROJECT-NUnitTestProject\NEWPROJECT-NUnitTestProject.csproj", "{24F822E6-09A0-475C-9A09-4482D407C917}"
EndProject
Project("{9A19103F-16F7-4668-BE54-9A1E7A4F7556}") = "NEWPROJECT-RazorClassLibrary", "NEWPROJECT-RazorClassLibrary\NEWPROJECT-RazorClassLibrary.csproj", "{AF176F5B-983E-42DD-B563-3893BA70F3BA}"
EndProject
Project("{9A19103F-16F7-4668-BE54-9A1E7A4F7556}") = "NEWPROJECT-WindowsFormsApp", "NEWPROJECT-WindowsFormsApp\NEWPROJECT-WindowsFormsApp.csproj", "{5CF19E7E-9A35-45C5-BA50-951D0CEACB10}"
EndProject
Project("{9A19103F-16F7-4668-BE54-9A1E7A4F7556}") = "NEWPROJECT-WorkerService", "NEWPROJECT-WorkerService\NEWPROJECT-WorkerService.csproj", "{6E03BBD1-4C14-4CDC-87B0-E3DEEE47CD6E}"
EndProject
Project("{9A19103F-16F7-4668-BE54-9A1E7A4F7556}") = "NEWPROJECT-WpfControlLibrary", "NEWPROJECT-WpfControlLibrary\NEWPROJECT-WpfControlLibrary.csproj", "{189EA693-95AC-45C2-A801-EB1B5B075DB7}"
EndProject
Global
	GlobalSection(SolutionConfigurationPlatforms) = preSolution
		Debug|Any CPU = Debug|Any CPU
		Release|Any CPU = Release|Any CPU
	EndGlobalSection
	GlobalSection(ProjectConfigurationPlatforms) = postSolution
		{0993F7B6-7F63-4F3D-A153-E9C48D34285C}.Debug|Any CPU.ActiveCfg = Debug|Any CPU
		{0993F7B6-7F63-4F3D-A153-E9C48D34285C}.Debug|Any CPU.Build.0 = Debug|Any CPU
		{0993F7B6-7F63-4F3D-A153-E9C48D34285C}.Release|Any CPU.ActiveCfg = Release|Any CPU
		{0993F7B6-7F63-4F3D-A153-E9C48D34285C}.Release|Any CPU.Build.0 = Release|Any CPU
		{78F1E905-EA3C-4619-B0FB-28BB3C747E84}.Debug|Any CPU.ActiveCfg = Debug|Any CPU
		{78F1E905-EA3C-4619-B0FB-28BB3C747E84}.Debug|Any CPU.Build.0 = Debug|Any CPU
		{78F1E905-EA3C-4619-B0FB-28BB3C747E84}.Release|Any CPU.ActiveCfg = Release|Any CPU
		{78F1E905-EA3C-4619-B0FB-28BB3C747E84}.Release|Any CPU.Build.0 = Release|Any CPU
		{46369AD5-2B99-45D8-93B4-F211F6DA3EB1}.Debug|Any CPU.ActiveCfg = Debug|Any CPU
		{46369AD5-2B99-45D8-93B4-F211F6DA3EB1}.Debug|Any CPU.Build.0 = Debug|Any CPU
		{46369AD5-2B99-45D8-93B4-F211F6DA3EB1}.Release|Any CPU.ActiveCfg = Release|Any CPU
		{46369AD5-2B99-45D8-93B4-F211F6DA3EB1}.Release|Any CPU.Build.0 = Release|Any CPU
		{23524233-E9C4-44DD-BE51-03268F6C3FA3}.Debug|Any CPU.ActiveCfg = Debug|Any CPU
		{23524233-E9C4-44DD-BE51-03268F6C3FA3}.Debug|Any CPU.Build.0 = Debug|Any CPU
		{23524233-E9C4-44DD-BE51-03268F6C3FA3}.Release|Any CPU.ActiveCfg = Release|Any CPU
		{23524233-E9C4-44DD-BE51-03268F6C3FA3}.Release|Any CPU.Build.0 = Release|Any CPU
		{77BA8E24-031F-49C5-91A7-05CF53B36A4E}.Debug|Any CPU.ActiveCfg = Debug|Any CPU
		{77BA8E24-031F-49C5-91A7-05CF53B36A4E}.Debug|Any CPU.Build.0 = Debug|Any CPU
		{77BA8E24-031F-49C5-91A7-05CF53B36A4E}.Release|Any CPU.ActiveCfg = Release|Any CPU
		{77BA8E24-031F-49C5-91A7-05CF53B36A4E}.Release|Any CPU.Build.0 = Release|Any CPU
		{8559A0D6-C213-453E-A693-E344EDF62472}.Debug|Any CPU.ActiveCfg = Debug|Any CPU
		{8559A0D6-C213-453E-A693-E344EDF62472}.Debug|Any CPU.Build.0 = Debug|Any CPU
		{8559A0D6-C213-453E-A693-E344EDF62472}.Release|Any CPU.ActiveCfg = Release|Any CPU
		{8559A0D6-C213-453E-A693-E344EDF62472}.Release|Any CPU.Build.0 = Release|Any CPU
		{2BC2E73D-44E6-4DD3-AFEE-258393C65893}.Debug|Any CPU.ActiveCfg = Debug|Any CPU
		{2BC2E73D-44E6-4DD3-AFEE-258393C65893}.Debug|Any CPU.Build.0 = Debug|Any CPU
		{2BC2E73D-44E6-4DD3-AFEE-258393C65893}.Release|Any CPU.ActiveCfg = Release|Any CPU
		{2BC2E73D-44E6-4DD3-AFEE-258393C65893}.Release|Any CPU.Build.0 = Release|Any CPU
		{61A8DE5D-01AB-4F1D-B046-1F97FCB8E611}.Debug|Any CPU.ActiveCfg = Debug|Any CPU
		{61A8DE5D-01AB-4F1D-B046-1F97FCB8E611}.Debug|Any CPU.Build.0 = Debug|Any CPU
		{61A8DE5D-01AB-4F1D-B046-1F97FCB8E611}.Release|Any CPU.ActiveCfg = Release|Any CPU
		{61A8DE5D-01AB-4F1D-B046-1F97FCB8E611}.Release|Any CPU.Build.0 = Release|Any CPU
		{86029CC9-E67A-4E2B-B532-ADC6E99C773F}.Debug|Any CPU.ActiveCfg = Debug|Any CPU
		{86029CC9-E67A-4E2B-B532-ADC6E99C773F}.Debug|Any CPU.Build.0 = Debug|Any CPU
		{86029CC9-E67A-4E2B-B532-ADC6E99C773F}.Release|Any CPU.ActiveCfg = Release|Any CPU
		{86029CC9-E67A-4E2B-B532-ADC6E99C773F}.Release|Any CPU.Build.0 = Release|Any CPU
		{462F58DC-2D97-4311-A780-3083163B3FEF}.Debug|Any CPU.ActiveCfg = Debug|Any CPU
		{462F58DC-2D97-4311-A780-3083163B3FEF}.Debug|Any CPU.Build.0 = Debug|Any CPU
		{462F58DC-2D97-4311-A780-3083163B3FEF}.Release|Any CPU.ActiveCfg = Release|Any CPU
		{462F58DC-2D97-4311-A780-3083163B3FEF}.Release|Any CPU.Build.0 = Release|Any CPU
		{24F822E6-09A0-475C-9A09-4482D407C917}.Debug|Any CPU.ActiveCfg = Debug|Any CPU
		{24F822E6-09A0-475C-9A09-4482D407C917}.Debug|Any CPU.Build.0 = Debug|Any CPU
		{24F822E6-09A0-475C-9A09-4482D407C917}.Release|Any CPU.ActiveCfg = Release|Any CPU
		{24F822E6-09A0-475C-9A09-4482D407C917}.Release|Any CPU.Build.0 = Release|Any CPU
		{AF176F5B-983E-42DD-B563-3893BA70F3BA}.Debug|Any CPU.ActiveCfg = Debug|Any CPU
		{AF176F5B-983E-42DD-B563-3893BA70F3BA}.Debug|Any CPU.Build.0 = Debug|Any CPU
		{AF176F5B-983E-42DD-B563-3893BA70F3BA}.Release|Any CPU.ActiveCfg = Release|Any CPU
		{AF176F5B-983E-42DD-B563-3893BA70F3BA}.Release|Any CPU.Build.0 = Release|Any CPU
		{5CF19E7E-9A35-45C5-BA50-951D0CEACB10}.Debug|Any CPU.ActiveCfg = Debug|Any CPU
		{5CF19E7E-9A35-45C5-BA50-951D0CEACB10}.Debug|Any CPU.Build.0 = Debug|Any CPU
		{5CF19E7E-9A35-45C5-BA50-951D0CEACB10}.Release|Any CPU.ActiveCfg = Release|Any CPU
		{5CF19E7E-9A35-45C5-BA50-951D0CEACB10}.Release|Any CPU.Build.0 = Release|Any CPU
		{6E03BBD1-4C14-4CDC-87B0-E3DEEE47CD6E}.Debug|Any CPU.ActiveCfg = Debug|Any CPU
		{6E03BBD1-4C14-4CDC-87B0-E3DEEE47CD6E}.Debug|Any CPU.Build.0 = Debug|Any CPU
		{6E03BBD1-4C14-4CDC-87B0-E3DEEE47CD6E}.Release|Any CPU.ActiveCfg = Release|Any CPU
		{6E03BBD1-4C14-4CDC-87B0-E3DEEE47CD6E}.Release|Any CPU.Build.0 = Release|Any CPU
		{189EA693-95AC-45C2-A801-EB1B5B075DB7}.Debug|Any CPU.ActiveCfg = Debug|Any CPU
		{189EA693-95AC-45C2-A801-EB1B5B075DB7}.Debug|Any CPU.Build.0 = Debug|Any CPU
		{189EA693-95AC-45C2-A801-EB1B5B075DB7}.Release|Any CPU.ActiveCfg = Release|Any CPU
		{189EA693-95AC-45C2-A801-EB1B5B075DB7}.Release|Any CPU.Build.0 = Release|Any CPU
	EndGlobalSection
	GlobalSection(SolutionProperties) = preSolution
		HideSolutionNode = FALSE
	EndGlobalSection
	GlobalSection(ExtensibilityGlobals) = postSolution
		SolutionGuid = {BA3F4E8B-264B-499A-B458-964FEB4D72D1}
	EndGlobalSection
EndGlobal
