
Microsoft Visual Studio Solution File, Format Version 12.00
# Visual Studio Version 16
VisualStudioVersion = 16.0.30523.141
MinimumVisualStudioVersion = 10.0.40219.1
Project("{9A19103F-16F7-4668-BE54-9A1E7A4F7556}") = "NEWPROJECT-ConsoleApp", "NEWPROJECT-ConsoleApp\NEWPROJECT-ConsoleApp.csproj", "{78F1E905-EA3C-4619-B0FB-28BB3C747E84}"
EndProject
Project("{9A19103F-16F7-4668-BE54-9A1E7A4F7556}") = "NEWPROJECT-ASPCoreAPI", "NEWPROJECT-ASPCoreAPI\NEWPROJECT-ASPCoreAPI.csproj", "{46369AD5-2B99-45D8-93B4-F211F6DA3EB1}"
EndProject
Project("{9A19103F-16F7-4668-BE54-9A1E7A4F7556}") = "NEWPROJECT-ASPCoreEmpty", "NEWPROJECT-ASPCoreEmpty\NEWPROJECT-ASPCoreEmpty.csproj", "{23524233-E9C4-44DD-BE51-03268F6C3FA3}"
EndProject
Project("{9A19103F-16F7-4668-BE54-9A1E7A4F7556}") = "NEWPROJECT-ASPCoreMVC", "NEWPROJECT-ASPCoreMVC\NEWPROJECT-ASPCoreMVC.csproj", "{77BA8E24-031F-49C5-91A7-05CF53B36A4E}"
EndProject
Project("{9A19103F-16F7-4668-BE54-9A1E7A4F7556}") = "NEWPROJECT-ASPCoreWEB", "NEWPROJECT-ASPCoreWEB\NEWPROJECT-ASPCoreWEB.csproj", "{8559A0D6-C213-453E-A693-E344EDF62472}"
EndProject
Project("{9A19103F-16F7-4668-BE54-9A1E7A4F7556}") = "NEWPROJECT-AzureEmptyFunction", "NEWPROJECT-AzureEmptyFunction\NEWPROJECT-AzureEmptyFunction.csproj", "{2BC2E73D-44E6-4DD3-AFEE-258393C65893}"
EndProject
Project("{9A19103F-16F7-4668-BE54-9A1E7A4F7556}") = "NEWPROJECT-ClasslLibrary", "NEWPROJECT-ClasslLibrary\NEWPROJECT-ClasslLibrary.csproj", "{61A8DE5D-01AB-4F1D-B046-1F97FCB8E611}"
EndProject
Project("{9A19103F-16F7-4668-BE54-9A1E7A4F7556}") = "NEWPROJECT-GrpcService", "NEWPROJECT-GrpcService\NEWPROJECT-GrpcService.csproj", "{86029CC9-E67A-4E2B-B532-ADC6E99C773F}"
EndProject
Project("{9A19103F-16F7-4668-BE54-9A1E7A4F7556}") = "NEWPROJECT-MSTestProject", "NEWPROJECT-MSTestProject\NEWPROJECT-MSTestProject.csproj", "{462F58DC-2D97-4311-A780-3083163B3FEF}"
EndProject
Project("{9A19103F-16F7-4668-BE54-9A1E7A4F7556}") = "NEWPROJECT-NUnitTestProject", "NEWPROJECT-NUnitTestProject\NEWPROJECT-NUnitTestProject.csproj", "{24F822E6-09A0-475C-9A09-4482D407C917}"
EndProject
Project("{9A19103F-16F7-4668-BE54-9A1E7A4F7556}") = "NEWPROJECT-RazorClassLibrary", "NEWPROJECT-RazorClassLibrary\NEWPROJECT-RazorClassLibrary.csproj", "{AF176F5B-983E-42DD-B563-3893BA70F3BA}"
EndProject
Project("{9A19103F-16F7-4668-BE54-9A1E7A4F7556}") = "NEWPROJECT-WorkerService", "NEWPROJECT-WorkerService\NEWPROJECT-WorkerService.csproj", "{6E03BBD1-4C14-4CDC-87B0-E3DEEE47CD6E}"
EndProject
Project("{9A19103F-16F7-4668-BE54-9A1E7A4F7556}") = "NEWPROJECT-WpfControlLibrary", "NEWPROJECT-WpfControlLibrary\NEWPROJECT-WpfControlLibrary.csproj", "{189EA693-95AC-45C2-A801-EB1B5B075DB7}"
EndProject
Project("{FAE04EC0-301F-11D3-BF4B-00C04F79EFBC}") = "NEWPROJECT-UWP", "NEWPROJECT-UWP\NEWPROJECT-UWP.csproj", "{F8663D4D-868F-4D3F-B1F1-FFABE1673D8C}"
EndProject
Project("{00D1A9C2-B5F0-4AF3-8072-F6C62B433612}") = "NEWPROJECT-Database", "NEWPROJECT-Database\NEWPROJECT-Database.sqlproj", "{3B21B2AF-8377-48B8-86E1-F8C347BE4BB0}"
EndProject
Project("{FAE04EC0-301F-11D3-BF4B-00C04F79EFBC}") = "NEWPROJECT-WindowsTemplateStudio", "NEWPROJECT-WindowsTemplateStudio\NEWPROJECT-WindowsTemplateStudio.csproj", "{92CF1DCE-A7E0-403B-8682-05FAC66D9230}"
EndProject
Project("{9A19103F-16F7-4668-BE54-9A1E7A4F7556}") = "NEWPROJECT-WindowsTemplateStudio.Core", "NEWPROJECT-WindowsTemplateStudio.Core\NEWPROJECT-WindowsTemplateStudio.Core.csproj", "{D4DCC15C-2648-4B55-8305-7305BA10B606}"
EndProject
Global
	GlobalSection(SolutionConfigurationPlatforms) = preSolution
		Debug|Any CPU = Debug|Any CPU
		Debug|ARM = Debug|ARM
		Debug|ARM64 = Debug|ARM64
		Debug|x64 = Debug|x64
		Debug|x86 = Debug|x86
		Release|Any CPU = Release|Any CPU
		Release|ARM = Release|ARM
		Release|ARM64 = Release|ARM64
		Release|x64 = Release|x64
		Release|x86 = Release|x86
	EndGlobalSection
	GlobalSection(ProjectConfigurationPlatforms) = postSolution
		{78F1E905-EA3C-4619-B0FB-28BB3C747E84}.Debug|Any CPU.ActiveCfg = Debug|Any CPU
		{78F1E905-EA3C-4619-B0FB-28BB3C747E84}.Debug|Any CPU.Build.0 = Debug|Any CPU
		{78F1E905-EA3C-4619-B0FB-28BB3C747E84}.Debug|ARM.ActiveCfg = Debug|Any CPU
		{78F1E905-EA3C-4619-B0FB-28BB3C747E84}.Debug|ARM.Build.0 = Debug|Any CPU
		{78F1E905-EA3C-4619-B0FB-28BB3C747E84}.Debug|ARM64.ActiveCfg = Debug|Any CPU
		{78F1E905-EA3C-4619-B0FB-28BB3C747E84}.Debug|ARM64.Build.0 = Debug|Any CPU
		{78F1E905-EA3C-4619-B0FB-28BB3C747E84}.Debug|x64.ActiveCfg = Debug|Any CPU
		{78F1E905-EA3C-4619-B0FB-28BB3C747E84}.Debug|x64.Build.0 = Debug|Any CPU
		{78F1E905-EA3C-4619-B0FB-28BB3C747E84}.Debug|x86.ActiveCfg = Debug|Any CPU
		{78F1E905-EA3C-4619-B0FB-28BB3C747E84}.Debug|x86.Build.0 = Debug|Any CPU
		{78F1E905-EA3C-4619-B0FB-28BB3C747E84}.Release|Any CPU.ActiveCfg = Release|Any CPU
		{78F1E905-EA3C-4619-B0FB-28BB3C747E84}.Release|Any CPU.Build.0 = Release|Any CPU
		{78F1E905-EA3C-4619-B0FB-28BB3C747E84}.Release|ARM.ActiveCfg = Release|Any CPU
		{78F1E905-EA3C-4619-B0FB-28BB3C747E84}.Release|ARM.Build.0 = Release|Any CPU
		{78F1E905-EA3C-4619-B0FB-28BB3C747E84}.Release|ARM64.ActiveCfg = Release|Any CPU
		{78F1E905-EA3C-4619-B0FB-28BB3C747E84}.Release|ARM64.Build.0 = Release|Any CPU
		{78F1E905-EA3C-4619-B0FB-28BB3C747E84}.Release|x64.ActiveCfg = Release|Any CPU
		{78F1E905-EA3C-4619-B0FB-28BB3C747E84}.Release|x64.Build.0 = Release|Any CPU
		{78F1E905-EA3C-4619-B0FB-28BB3C747E84}.Release|x86.ActiveCfg = Release|Any CPU
		{78F1E905-EA3C-4619-B0FB-28BB3C747E84}.Release|x86.Build.0 = Release|Any CPU
		{46369AD5-2B99-45D8-93B4-F211F6DA3EB1}.Debug|Any CPU.ActiveCfg = Debug|Any CPU
		{46369AD5-2B99-45D8-93B4-F211F6DA3EB1}.Debug|Any CPU.Build.0 = Debug|Any CPU
		{46369AD5-2B99-45D8-93B4-F211F6DA3EB1}.Debug|ARM.ActiveCfg = Debug|Any CPU
		{46369AD5-2B99-45D8-93B4-F211F6DA3EB1}.Debug|ARM.Build.0 = Debug|Any CPU
		{46369AD5-2B99-45D8-93B4-F211F6DA3EB1}.Debug|ARM64.ActiveCfg = Debug|Any CPU
		{46369AD5-2B99-45D8-93B4-F211F6DA3EB1}.Debug|ARM64.Build.0 = Debug|Any CPU
		{46369AD5-2B99-45D8-93B4-F211F6DA3EB1}.Debug|x64.ActiveCfg = Debug|Any CPU
		{46369AD5-2B99-45D8-93B4-F211F6DA3EB1}.Debug|x64.Build.0 = Debug|Any CPU
		{46369AD5-2B99-45D8-93B4-F211F6DA3EB1}.Debug|x86.ActiveCfg = Debug|Any CPU
		{46369AD5-2B99-45D8-93B4-F211F6DA3EB1}.Debug|x86.Build.0 = Debug|Any CPU
		{46369AD5-2B99-45D8-93B4-F211F6DA3EB1}.Release|Any CPU.ActiveCfg = Release|Any CPU
		{46369AD5-2B99-45D8-93B4-F211F6DA3EB1}.Release|Any CPU.Build.0 = Release|Any CPU
		{46369AD5-2B99-45D8-93B4-F211F6DA3EB1}.Release|ARM.ActiveCfg = Release|Any CPU
		{46369AD5-2B99-45D8-93B4-F211F6DA3EB1}.Release|ARM.Build.0 = Release|Any CPU
		{46369AD5-2B99-45D8-93B4-F211F6DA3EB1}.Release|ARM64.ActiveCfg = Release|Any CPU
		{46369AD5-2B99-45D8-93B4-F211F6DA3EB1}.Release|ARM64.Build.0 = Release|Any CPU
		{46369AD5-2B99-45D8-93B4-F211F6DA3EB1}.Release|x64.ActiveCfg = Release|Any CPU
		{46369AD5-2B99-45D8-93B4-F211F6DA3EB1}.Release|x64.Build.0 = Release|Any CPU
		{46369AD5-2B99-45D8-93B4-F211F6DA3EB1}.Release|x86.ActiveCfg = Release|Any CPU
		{46369AD5-2B99-45D8-93B4-F211F6DA3EB1}.Release|x86.Build.0 = Release|Any CPU
		{23524233-E9C4-44DD-BE51-03268F6C3FA3}.Debug|Any CPU.ActiveCfg = Debug|Any CPU
		{23524233-E9C4-44DD-BE51-03268F6C3FA3}.Debug|Any CPU.Build.0 = Debug|Any CPU
		{23524233-E9C4-44DD-BE51-03268F6C3FA3}.Debug|ARM.ActiveCfg = Debug|Any CPU
		{23524233-E9C4-44DD-BE51-03268F6C3FA3}.Debug|ARM.Build.0 = Debug|Any CPU
		{23524233-E9C4-44DD-BE51-03268F6C3FA3}.Debug|ARM64.ActiveCfg = Debug|Any CPU
		{23524233-E9C4-44DD-BE51-03268F6C3FA3}.Debug|ARM64.Build.0 = Debug|Any CPU
		{23524233-E9C4-44DD-BE51-03268F6C3FA3}.Debug|x64.ActiveCfg = Debug|Any CPU
		{23524233-E9C4-44DD-BE51-03268F6C3FA3}.Debug|x64.Build.0 = Debug|Any CPU
		{23524233-E9C4-44DD-BE51-03268F6C3FA3}.Debug|x86.ActiveCfg = Debug|Any CPU
		{23524233-E9C4-44DD-BE51-03268F6C3FA3}.Debug|x86.Build.0 = Debug|Any CPU
		{23524233-E9C4-44DD-BE51-03268F6C3FA3}.Release|Any CPU.ActiveCfg = Release|Any CPU
		{23524233-E9C4-44DD-BE51-03268F6C3FA3}.Release|Any CPU.Build.0 = Release|Any CPU
		{23524233-E9C4-44DD-BE51-03268F6C3FA3}.Release|ARM.ActiveCfg = Release|Any CPU
		{23524233-E9C4-44DD-BE51-03268F6C3FA3}.Release|ARM.Build.0 = Release|Any CPU
		{23524233-E9C4-44DD-BE51-03268F6C3FA3}.Release|ARM64.ActiveCfg = Release|Any CPU
		{23524233-E9C4-44DD-BE51-03268F6C3FA3}.Release|ARM64.Build.0 = Release|Any CPU
		{23524233-E9C4-44DD-BE51-03268F6C3FA3}.Release|x64.ActiveCfg = Release|Any CPU
		{23524233-E9C4-44DD-BE51-03268F6C3FA3}.Release|x64.Build.0 = Release|Any CPU
		{23524233-E9C4-44DD-BE51-03268F6C3FA3}.Release|x86.ActiveCfg = Release|Any CPU
		{23524233-E9C4-44DD-BE51-03268F6C3FA3}.Release|x86.Build.0 = Release|Any CPU
		{77BA8E24-031F-49C5-91A7-05CF53B36A4E}.Debug|Any CPU.ActiveCfg = Debug|Any CPU
		{77BA8E24-031F-49C5-91A7-05CF53B36A4E}.Debug|Any CPU.Build.0 = Debug|Any CPU
		{77BA8E24-031F-49C5-91A7-05CF53B36A4E}.Debug|ARM.ActiveCfg = Debug|Any CPU
		{77BA8E24-031F-49C5-91A7-05CF53B36A4E}.Debug|ARM.Build.0 = Debug|Any CPU
		{77BA8E24-031F-49C5-91A7-05CF53B36A4E}.Debug|ARM64.ActiveCfg = Debug|Any CPU
		{77BA8E24-031F-49C5-91A7-05CF53B36A4E}.Debug|ARM64.Build.0 = Debug|Any CPU
		{77BA8E24-031F-49C5-91A7-05CF53B36A4E}.Debug|x64.ActiveCfg = Debug|Any CPU
		{77BA8E24-031F-49C5-91A7-05CF53B36A4E}.Debug|x64.Build.0 = Debug|Any CPU
		{77BA8E24-031F-49C5-91A7-05CF53B36A4E}.Debug|x86.ActiveCfg = Debug|Any CPU
		{77BA8E24-031F-49C5-91A7-05CF53B36A4E}.Debug|x86.Build.0 = Debug|Any CPU
		{77BA8E24-031F-49C5-91A7-05CF53B36A4E}.Release|Any CPU.ActiveCfg = Release|Any CPU
		{77BA8E24-031F-49C5-91A7-05CF53B36A4E}.Release|Any CPU.Build.0 = Release|Any CPU
		{77BA8E24-031F-49C5-91A7-05CF53B36A4E}.Release|ARM.ActiveCfg = Release|Any CPU
		{77BA8E24-031F-49C5-91A7-05CF53B36A4E}.Release|ARM.Build.0 = Release|Any CPU
		{77BA8E24-031F-49C5-91A7-05CF53B36A4E}.Release|ARM64.ActiveCfg = Release|Any CPU
		{77BA8E24-031F-49C5-91A7-05CF53B36A4E}.Release|ARM64.Build.0 = Release|Any CPU
		{77BA8E24-031F-49C5-91A7-05CF53B36A4E}.Release|x64.ActiveCfg = Release|Any CPU
		{77BA8E24-031F-49C5-91A7-05CF53B36A4E}.Release|x64.Build.0 = Release|Any CPU
		{77BA8E24-031F-49C5-91A7-05CF53B36A4E}.Release|x86.ActiveCfg = Release|Any CPU
		{77BA8E24-031F-49C5-91A7-05CF53B36A4E}.Release|x86.Build.0 = Release|Any CPU
		{8559A0D6-C213-453E-A693-E344EDF62472}.Debug|Any CPU.ActiveCfg = Debug|Any CPU
		{8559A0D6-C213-453E-A693-E344EDF62472}.Debug|Any CPU.Build.0 = Debug|Any CPU
		{8559A0D6-C213-453E-A693-E344EDF62472}.Debug|ARM.ActiveCfg = Debug|Any CPU
		{8559A0D6-C213-453E-A693-E344EDF62472}.Debug|ARM.Build.0 = Debug|Any CPU
		{8559A0D6-C213-453E-A693-E344EDF62472}.Debug|ARM64.ActiveCfg = Debug|Any CPU
		{8559A0D6-C213-453E-A693-E344EDF62472}.Debug|ARM64.Build.0 = Debug|Any CPU
		{8559A0D6-C213-453E-A693-E344EDF62472}.Debug|x64.ActiveCfg = Debug|Any CPU
		{8559A0D6-C213-453E-A693-E344EDF62472}.Debug|x64.Build.0 = Debug|Any CPU
		{8559A0D6-C213-453E-A693-E344EDF62472}.Debug|x86.ActiveCfg = Debug|Any CPU
		{8559A0D6-C213-453E-A693-E344EDF62472}.Debug|x86.Build.0 = Debug|Any CPU
		{8559A0D6-C213-453E-A693-E344EDF62472}.Release|Any CPU.ActiveCfg = Release|Any CPU
		{8559A0D6-C213-453E-A693-E344EDF62472}.Release|Any CPU.Build.0 = Release|Any CPU
		{8559A0D6-C213-453E-A693-E344EDF62472}.Release|ARM.ActiveCfg = Release|Any CPU
		{8559A0D6-C213-453E-A693-E344EDF62472}.Release|ARM.Build.0 = Release|Any CPU
		{8559A0D6-C213-453E-A693-E344EDF62472}.Release|ARM64.ActiveCfg = Release|Any CPU
		{8559A0D6-C213-453E-A693-E344EDF62472}.Release|ARM64.Build.0 = Release|Any CPU
		{8559A0D6-C213-453E-A693-E344EDF62472}.Release|x64.ActiveCfg = Release|Any CPU
		{8559A0D6-C213-453E-A693-E344EDF62472}.Release|x64.Build.0 = Release|Any CPU
		{8559A0D6-C213-453E-A693-E344EDF62472}.Release|x86.ActiveCfg = Release|Any CPU
		{8559A0D6-C213-453E-A693-E344EDF62472}.Release|x86.Build.0 = Release|Any CPU
		{2BC2E73D-44E6-4DD3-AFEE-258393C65893}.Debug|Any CPU.ActiveCfg = Debug|Any CPU
		{2BC2E73D-44E6-4DD3-AFEE-258393C65893}.Debug|Any CPU.Build.0 = Debug|Any CPU
		{2BC2E73D-44E6-4DD3-AFEE-258393C65893}.Debug|ARM.ActiveCfg = Debug|Any CPU
		{2BC2E73D-44E6-4DD3-AFEE-258393C65893}.Debug|ARM.Build.0 = Debug|Any CPU
		{2BC2E73D-44E6-4DD3-AFEE-258393C65893}.Debug|ARM64.ActiveCfg = Debug|Any CPU
		{2BC2E73D-44E6-4DD3-AFEE-258393C65893}.Debug|ARM64.Build.0 = Debug|Any CPU
		{2BC2E73D-44E6-4DD3-AFEE-258393C65893}.Debug|x64.ActiveCfg = Debug|Any CPU
		{2BC2E73D-44E6-4DD3-AFEE-258393C65893}.Debug|x64.Build.0 = Debug|Any CPU
		{2BC2E73D-44E6-4DD3-AFEE-258393C65893}.Debug|x86.ActiveCfg = Debug|Any CPU
		{2BC2E73D-44E6-4DD3-AFEE-258393C65893}.Debug|x86.Build.0 = Debug|Any CPU
		{2BC2E73D-44E6-4DD3-AFEE-258393C65893}.Release|Any CPU.ActiveCfg = Release|Any CPU
		{2BC2E73D-44E6-4DD3-AFEE-258393C65893}.Release|Any CPU.Build.0 = Release|Any CPU
		{2BC2E73D-44E6-4DD3-AFEE-258393C65893}.Release|ARM.ActiveCfg = Release|Any CPU
		{2BC2E73D-44E6-4DD3-AFEE-258393C65893}.Release|ARM.Build.0 = Release|Any CPU
		{2BC2E73D-44E6-4DD3-AFEE-258393C65893}.Release|ARM64.ActiveCfg = Release|Any CPU
		{2BC2E73D-44E6-4DD3-AFEE-258393C65893}.Release|ARM64.Build.0 = Release|Any CPU
		{2BC2E73D-44E6-4DD3-AFEE-258393C65893}.Release|x64.ActiveCfg = Release|Any CPU
		{2BC2E73D-44E6-4DD3-AFEE-258393C65893}.Release|x64.Build.0 = Release|Any CPU
		{2BC2E73D-44E6-4DD3-AFEE-258393C65893}.Release|x86.ActiveCfg = Release|Any CPU
		{2BC2E73D-44E6-4DD3-AFEE-258393C65893}.Release|x86.Build.0 = Release|Any CPU
		{61A8DE5D-01AB-4F1D-B046-1F97FCB8E611}.Debug|Any CPU.ActiveCfg = Debug|Any CPU
		{61A8DE5D-01AB-4F1D-B046-1F97FCB8E611}.Debug|Any CPU.Build.0 = Debug|Any CPU
		{61A8DE5D-01AB-4F1D-B046-1F97FCB8E611}.Debug|ARM.ActiveCfg = Debug|Any CPU
		{61A8DE5D-01AB-4F1D-B046-1F97FCB8E611}.Debug|ARM.Build.0 = Debug|Any CPU
		{61A8DE5D-01AB-4F1D-B046-1F97FCB8E611}.Debug|ARM64.ActiveCfg = Debug|Any CPU
		{61A8DE5D-01AB-4F1D-B046-1F97FCB8E611}.Debug|ARM64.Build.0 = Debug|Any CPU
		{61A8DE5D-01AB-4F1D-B046-1F97FCB8E611}.Debug|x64.ActiveCfg = Debug|Any CPU
		{61A8DE5D-01AB-4F1D-B046-1F97FCB8E611}.Debug|x64.Build.0 = Debug|Any CPU
		{61A8DE5D-01AB-4F1D-B046-1F97FCB8E611}.Debug|x86.ActiveCfg = Debug|Any CPU
		{61A8DE5D-01AB-4F1D-B046-1F97FCB8E611}.Debug|x86.Build.0 = Debug|Any CPU
		{61A8DE5D-01AB-4F1D-B046-1F97FCB8E611}.Release|Any CPU.ActiveCfg = Release|Any CPU
		{61A8DE5D-01AB-4F1D-B046-1F97FCB8E611}.Release|Any CPU.Build.0 = Release|Any CPU
		{61A8DE5D-01AB-4F1D-B046-1F97FCB8E611}.Release|ARM.ActiveCfg = Release|Any CPU
		{61A8DE5D-01AB-4F1D-B046-1F97FCB8E611}.Release|ARM.Build.0 = Release|Any CPU
		{61A8DE5D-01AB-4F1D-B046-1F97FCB8E611}.Release|ARM64.ActiveCfg = Release|Any CPU
		{61A8DE5D-01AB-4F1D-B046-1F97FCB8E611}.Release|ARM64.Build.0 = Release|Any CPU
		{61A8DE5D-01AB-4F1D-B046-1F97FCB8E611}.Release|x64.ActiveCfg = Release|Any CPU
		{61A8DE5D-01AB-4F1D-B046-1F97FCB8E611}.Release|x64.Build.0 = Release|Any CPU
		{61A8DE5D-01AB-4F1D-B046-1F97FCB8E611}.Release|x86.ActiveCfg = Release|Any CPU
		{61A8DE5D-01AB-4F1D-B046-1F97FCB8E611}.Release|x86.Build.0 = Release|Any CPU
		{86029CC9-E67A-4E2B-B532-ADC6E99C773F}.Debug|Any CPU.ActiveCfg = Debug|Any CPU
		{86029CC9-E67A-4E2B-B532-ADC6E99C773F}.Debug|Any CPU.Build.0 = Debug|Any CPU
		{86029CC9-E67A-4E2B-B532-ADC6E99C773F}.Debug|ARM.ActiveCfg = Debug|Any CPU
		{86029CC9-E67A-4E2B-B532-ADC6E99C773F}.Debug|ARM.Build.0 = Debug|Any CPU
		{86029CC9-E67A-4E2B-B532-ADC6E99C773F}.Debug|ARM64.ActiveCfg = Debug|Any CPU
		{86029CC9-E67A-4E2B-B532-ADC6E99C773F}.Debug|ARM64.Build.0 = Debug|Any CPU
		{86029CC9-E67A-4E2B-B532-ADC6E99C773F}.Debug|x64.ActiveCfg = Debug|Any CPU
		{86029CC9-E67A-4E2B-B532-ADC6E99C773F}.Debug|x64.Build.0 = Debug|Any CPU
		{86029CC9-E67A-4E2B-B532-ADC6E99C773F}.Debug|x86.ActiveCfg = Debug|Any CPU
		{86029CC9-E67A-4E2B-B532-ADC6E99C773F}.Debug|x86.Build.0 = Debug|Any CPU
		{86029CC9-E67A-4E2B-B532-ADC6E99C773F}.Release|Any CPU.ActiveCfg = Release|Any CPU
		{86029CC9-E67A-4E2B-B532-ADC6E99C773F}.Release|Any CPU.Build.0 = Release|Any CPU
		{86029CC9-E67A-4E2B-B532-ADC6E99C773F}.Release|ARM.ActiveCfg = Release|Any CPU
		{86029CC9-E67A-4E2B-B532-ADC6E99C773F}.Release|ARM.Build.0 = Release|Any CPU
		{86029CC9-E67A-4E2B-B532-ADC6E99C773F}.Release|ARM64.ActiveCfg = Release|Any CPU
		{86029CC9-E67A-4E2B-B532-ADC6E99C773F}.Release|ARM64.Build.0 = Release|Any CPU
		{86029CC9-E67A-4E2B-B532-ADC6E99C773F}.Release|x64.ActiveCfg = Release|Any CPU
		{86029CC9-E67A-4E2B-B532-ADC6E99C773F}.Release|x64.Build.0 = Release|Any CPU
		{86029CC9-E67A-4E2B-B532-ADC6E99C773F}.Release|x86.ActiveCfg = Release|Any CPU
		{86029CC9-E67A-4E2B-B532-ADC6E99C773F}.Release|x86.Build.0 = Release|Any CPU
		{462F58DC-2D97-4311-A780-3083163B3FEF}.Debug|Any CPU.ActiveCfg = Debug|Any CPU
		{462F58DC-2D97-4311-A780-3083163B3FEF}.Debug|Any CPU.Build.0 = Debug|Any CPU
		{462F58DC-2D97-4311-A780-3083163B3FEF}.Debug|ARM.ActiveCfg = Debug|Any CPU
		{462F58DC-2D97-4311-A780-3083163B3FEF}.Debug|ARM.Build.0 = Debug|Any CPU
		{462F58DC-2D97-4311-A780-3083163B3FEF}.Debug|ARM64.ActiveCfg = Debug|Any CPU
		{462F58DC-2D97-4311-A780-3083163B3FEF}.Debug|ARM64.Build.0 = Debug|Any CPU
		{462F58DC-2D97-4311-A780-3083163B3FEF}.Debug|x64.ActiveCfg = Debug|Any CPU
		{462F58DC-2D97-4311-A780-3083163B3FEF}.Debug|x64.Build.0 = Debug|Any CPU
		{462F58DC-2D97-4311-A780-3083163B3FEF}.Debug|x86.ActiveCfg = Debug|Any CPU
		{462F58DC-2D97-4311-A780-3083163B3FEF}.Debug|x86.Build.0 = Debug|Any CPU
		{462F58DC-2D97-4311-A780-3083163B3FEF}.Release|Any CPU.ActiveCfg = Release|Any CPU
		{462F58DC-2D97-4311-A780-3083163B3FEF}.Release|Any CPU.Build.0 = Release|Any CPU
		{462F58DC-2D97-4311-A780-3083163B3FEF}.Release|ARM.ActiveCfg = Release|Any CPU
		{462F58DC-2D97-4311-A780-3083163B3FEF}.Release|ARM.Build.0 = Release|Any CPU
		{462F58DC-2D97-4311-A780-3083163B3FEF}.Release|ARM64.ActiveCfg = Release|Any CPU
		{462F58DC-2D97-4311-A780-3083163B3FEF}.Release|ARM64.Build.0 = Release|Any CPU
		{462F58DC-2D97-4311-A780-3083163B3FEF}.Release|x64.ActiveCfg = Release|Any CPU
		{462F58DC-2D97-4311-A780-3083163B3FEF}.Release|x64.Build.0 = Release|Any CPU
		{462F58DC-2D97-4311-A780-3083163B3FEF}.Release|x86.ActiveCfg = Release|Any CPU
		{462F58DC-2D97-4311-A780-3083163B3FEF}.Release|x86.Build.0 = Release|Any CPU
		{24F822E6-09A0-475C-9A09-4482D407C917}.Debug|Any CPU.ActiveCfg = Debug|Any CPU
		{24F822E6-09A0-475C-9A09-4482D407C917}.Debug|Any CPU.Build.0 = Debug|Any CPU
		{24F822E6-09A0-475C-9A09-4482D407C917}.Debug|ARM.ActiveCfg = Debug|Any CPU
		{24F822E6-09A0-475C-9A09-4482D407C917}.Debug|ARM.Build.0 = Debug|Any CPU
		{24F822E6-09A0-475C-9A09-4482D407C917}.Debug|ARM64.ActiveCfg = Debug|Any CPU
		{24F822E6-09A0-475C-9A09-4482D407C917}.Debug|ARM64.Build.0 = Debug|Any CPU
		{24F822E6-09A0-475C-9A09-4482D407C917}.Debug|x64.ActiveCfg = Debug|Any CPU
		{24F822E6-09A0-475C-9A09-4482D407C917}.Debug|x64.Build.0 = Debug|Any CPU
		{24F822E6-09A0-475C-9A09-4482D407C917}.Debug|x86.ActiveCfg = Debug|Any CPU
		{24F822E6-09A0-475C-9A09-4482D407C917}.Debug|x86.Build.0 = Debug|Any CPU
		{24F822E6-09A0-475C-9A09-4482D407C917}.Release|Any CPU.ActiveCfg = Release|Any CPU
		{24F822E6-09A0-475C-9A09-4482D407C917}.Release|Any CPU.Build.0 = Release|Any CPU
		{24F822E6-09A0-475C-9A09-4482D407C917}.Release|ARM.ActiveCfg = Release|Any CPU
		{24F822E6-09A0-475C-9A09-4482D407C917}.Release|ARM.Build.0 = Release|Any CPU
		{24F822E6-09A0-475C-9A09-4482D407C917}.Release|ARM64.ActiveCfg = Release|Any CPU
		{24F822E6-09A0-475C-9A09-4482D407C917}.Release|ARM64.Build.0 = Release|Any CPU
		{24F822E6-09A0-475C-9A09-4482D407C917}.Release|x64.ActiveCfg = Release|Any CPU
		{24F822E6-09A0-475C-9A09-4482D407C917}.Release|x64.Build.0 = Release|Any CPU
		{24F822E6-09A0-475C-9A09-4482D407C917}.Release|x86.ActiveCfg = Release|Any CPU
		{24F822E6-09A0-475C-9A09-4482D407C917}.Release|x86.Build.0 = Release|Any CPU
		{AF176F5B-983E-42DD-B563-3893BA70F3BA}.Debug|Any CPU.ActiveCfg = Debug|Any CPU
		{AF176F5B-983E-42DD-B563-3893BA70F3BA}.Debug|Any CPU.Build.0 = Debug|Any CPU
		{AF176F5B-983E-42DD-B563-3893BA70F3BA}.Debug|ARM.ActiveCfg = Debug|Any CPU
		{AF176F5B-983E-42DD-B563-3893BA70F3BA}.Debug|ARM.Build.0 = Debug|Any CPU
		{AF176F5B-983E-42DD-B563-3893BA70F3BA}.Debug|ARM64.ActiveCfg = Debug|Any CPU
		{AF176F5B-983E-42DD-B563-3893BA70F3BA}.Debug|ARM64.Build.0 = Debug|Any CPU
		{AF176F5B-983E-42DD-B563-3893BA70F3BA}.Debug|x64.ActiveCfg = Debug|Any CPU
		{AF176F5B-983E-42DD-B563-3893BA70F3BA}.Debug|x64.Build.0 = Debug|Any CPU
		{AF176F5B-983E-42DD-B563-3893BA70F3BA}.Debug|x86.ActiveCfg = Debug|Any CPU
		{AF176F5B-983E-42DD-B563-3893BA70F3BA}.Debug|x86.Build.0 = Debug|Any CPU
		{AF176F5B-983E-42DD-B563-3893BA70F3BA}.Release|Any CPU.ActiveCfg = Release|Any CPU
		{AF176F5B-983E-42DD-B563-3893BA70F3BA}.Release|Any CPU.Build.0 = Release|Any CPU
		{AF176F5B-983E-42DD-B563-3893BA70F3BA}.Release|ARM.ActiveCfg = Release|Any CPU
		{AF176F5B-983E-42DD-B563-3893BA70F3BA}.Release|ARM.Build.0 = Release|Any CPU
		{AF176F5B-983E-42DD-B563-3893BA70F3BA}.Release|ARM64.ActiveCfg = Release|Any CPU
		{AF176F5B-983E-42DD-B563-3893BA70F3BA}.Release|ARM64.Build.0 = Release|Any CPU
		{AF176F5B-983E-42DD-B563-3893BA70F3BA}.Release|x64.ActiveCfg = Release|Any CPU
		{AF176F5B-983E-42DD-B563-3893BA70F3BA}.Release|x64.Build.0 = Release|Any CPU
		{AF176F5B-983E-42DD-B563-3893BA70F3BA}.Release|x86.ActiveCfg = Release|Any CPU
		{AF176F5B-983E-42DD-B563-3893BA70F3BA}.Release|x86.Build.0 = Release|Any CPU
		{6E03BBD1-4C14-4CDC-87B0-E3DEEE47CD6E}.Debug|Any CPU.ActiveCfg = Debug|Any CPU
		{6E03BBD1-4C14-4CDC-87B0-E3DEEE47CD6E}.Debug|Any CPU.Build.0 = Debug|Any CPU
		{6E03BBD1-4C14-4CDC-87B0-E3DEEE47CD6E}.Debug|ARM.ActiveCfg = Debug|Any CPU
		{6E03BBD1-4C14-4CDC-87B0-E3DEEE47CD6E}.Debug|ARM.Build.0 = Debug|Any CPU
		{6E03BBD1-4C14-4CDC-87B0-E3DEEE47CD6E}.Debug|ARM64.ActiveCfg = Debug|Any CPU
		{6E03BBD1-4C14-4CDC-87B0-E3DEEE47CD6E}.Debug|ARM64.Build.0 = Debug|Any CPU
		{6E03BBD1-4C14-4CDC-87B0-E3DEEE47CD6E}.Debug|x64.ActiveCfg = Debug|Any CPU
		{6E03BBD1-4C14-4CDC-87B0-E3DEEE47CD6E}.Debug|x64.Build.0 = Debug|Any CPU
		{6E03BBD1-4C14-4CDC-87B0-E3DEEE47CD6E}.Debug|x86.ActiveCfg = Debug|Any CPU
		{6E03BBD1-4C14-4CDC-87B0-E3DEEE47CD6E}.Debug|x86.Build.0 = Debug|Any CPU
		{6E03BBD1-4C14-4CDC-87B0-E3DEEE47CD6E}.Release|Any CPU.ActiveCfg = Release|Any CPU
		{6E03BBD1-4C14-4CDC-87B0-E3DEEE47CD6E}.Release|Any CPU.Build.0 = Release|Any CPU
		{6E03BBD1-4C14-4CDC-87B0-E3DEEE47CD6E}.Release|ARM.ActiveCfg = Release|Any CPU
		{6E03BBD1-4C14-4CDC-87B0-E3DEEE47CD6E}.Release|ARM.Build.0 = Release|Any CPU
		{6E03BBD1-4C14-4CDC-87B0-E3DEEE47CD6E}.Release|ARM64.ActiveCfg = Release|Any CPU
		{6E03BBD1-4C14-4CDC-87B0-E3DEEE47CD6E}.Release|ARM64.Build.0 = Release|Any CPU
		{6E03BBD1-4C14-4CDC-87B0-E3DEEE47CD6E}.Release|x64.ActiveCfg = Release|Any CPU
		{6E03BBD1-4C14-4CDC-87B0-E3DEEE47CD6E}.Release|x64.Build.0 = Release|Any CPU
		{6E03BBD1-4C14-4CDC-87B0-E3DEEE47CD6E}.Release|x86.ActiveCfg = Release|Any CPU
		{6E03BBD1-4C14-4CDC-87B0-E3DEEE47CD6E}.Release|x86.Build.0 = Release|Any CPU
		{189EA693-95AC-45C2-A801-EB1B5B075DB7}.Debug|Any CPU.ActiveCfg = Debug|Any CPU
		{189EA693-95AC-45C2-A801-EB1B5B075DB7}.Debug|Any CPU.Build.0 = Debug|Any CPU
		{189EA693-95AC-45C2-A801-EB1B5B075DB7}.Debug|ARM.ActiveCfg = Debug|Any CPU
		{189EA693-95AC-45C2-A801-EB1B5B075DB7}.Debug|ARM.Build.0 = Debug|Any CPU
		{189EA693-95AC-45C2-A801-EB1B5B075DB7}.Debug|ARM64.ActiveCfg = Debug|Any CPU
		{189EA693-95AC-45C2-A801-EB1B5B075DB7}.Debug|ARM64.Build.0 = Debug|Any CPU
		{189EA693-95AC-45C2-A801-EB1B5B075DB7}.Debug|x64.ActiveCfg = Debug|Any CPU
		{189EA693-95AC-45C2-A801-EB1B5B075DB7}.Debug|x64.Build.0 = Debug|Any CPU
		{189EA693-95AC-45C2-A801-EB1B5B075DB7}.Debug|x86.ActiveCfg = Debug|Any CPU
		{189EA693-95AC-45C2-A801-EB1B5B075DB7}.Debug|x86.Build.0 = Debug|Any CPU
		{189EA693-95AC-45C2-A801-EB1B5B075DB7}.Release|Any CPU.ActiveCfg = Release|Any CPU
		{189EA693-95AC-45C2-A801-EB1B5B075DB7}.Release|Any CPU.Build.0 = Release|Any CPU
		{189EA693-95AC-45C2-A801-EB1B5B075DB7}.Release|ARM.ActiveCfg = Release|Any CPU
		{189EA693-95AC-45C2-A801-EB1B5B075DB7}.Release|ARM.Build.0 = Release|Any CPU
		{189EA693-95AC-45C2-A801-EB1B5B075DB7}.Release|ARM64.ActiveCfg = Release|Any CPU
		{189EA693-95AC-45C2-A801-EB1B5B075DB7}.Release|ARM64.Build.0 = Release|Any CPU
		{189EA693-95AC-45C2-A801-EB1B5B075DB7}.Release|x64.ActiveCfg = Release|Any CPU
		{189EA693-95AC-45C2-A801-EB1B5B075DB7}.Release|x64.Build.0 = Release|Any CPU
		{189EA693-95AC-45C2-A801-EB1B5B075DB7}.Release|x86.ActiveCfg = Release|Any CPU
		{189EA693-95AC-45C2-A801-EB1B5B075DB7}.Release|x86.Build.0 = Release|Any CPU
		{F8663D4D-868F-4D3F-B1F1-FFABE1673D8C}.Debug|Any CPU.ActiveCfg = Debug|x86
		{F8663D4D-868F-4D3F-B1F1-FFABE1673D8C}.Debug|ARM.ActiveCfg = Debug|ARM
		{F8663D4D-868F-4D3F-B1F1-FFABE1673D8C}.Debug|ARM.Build.0 = Debug|ARM
		{F8663D4D-868F-4D3F-B1F1-FFABE1673D8C}.Debug|ARM.Deploy.0 = Debug|ARM
		{F8663D4D-868F-4D3F-B1F1-FFABE1673D8C}.Debug|ARM64.ActiveCfg = Debug|ARM64
		{F8663D4D-868F-4D3F-B1F1-FFABE1673D8C}.Debug|ARM64.Build.0 = Debug|ARM64
		{F8663D4D-868F-4D3F-B1F1-FFABE1673D8C}.Debug|ARM64.Deploy.0 = Debug|ARM64
		{F8663D4D-868F-4D3F-B1F1-FFABE1673D8C}.Debug|x64.ActiveCfg = Debug|x64
		{F8663D4D-868F-4D3F-B1F1-FFABE1673D8C}.Debug|x64.Build.0 = Debug|x64
		{F8663D4D-868F-4D3F-B1F1-FFABE1673D8C}.Debug|x64.Deploy.0 = Debug|x64
		{F8663D4D-868F-4D3F-B1F1-FFABE1673D8C}.Debug|x86.ActiveCfg = Debug|x86
		{F8663D4D-868F-4D3F-B1F1-FFABE1673D8C}.Debug|x86.Build.0 = Debug|x86
		{F8663D4D-868F-4D3F-B1F1-FFABE1673D8C}.Debug|x86.Deploy.0 = Debug|x86
		{F8663D4D-868F-4D3F-B1F1-FFABE1673D8C}.Release|Any CPU.ActiveCfg = Release|x86
		{F8663D4D-868F-4D3F-B1F1-FFABE1673D8C}.Release|ARM.ActiveCfg = Release|ARM
		{F8663D4D-868F-4D3F-B1F1-FFABE1673D8C}.Release|ARM.Build.0 = Release|ARM
		{F8663D4D-868F-4D3F-B1F1-FFABE1673D8C}.Release|ARM.Deploy.0 = Release|ARM
		{F8663D4D-868F-4D3F-B1F1-FFABE1673D8C}.Release|ARM64.ActiveCfg = Release|ARM64
		{F8663D4D-868F-4D3F-B1F1-FFABE1673D8C}.Release|ARM64.Build.0 = Release|ARM64
		{F8663D4D-868F-4D3F-B1F1-FFABE1673D8C}.Release|ARM64.Deploy.0 = Release|ARM64
		{F8663D4D-868F-4D3F-B1F1-FFABE1673D8C}.Release|x64.ActiveCfg = Release|x64
		{F8663D4D-868F-4D3F-B1F1-FFABE1673D8C}.Release|x64.Build.0 = Release|x64
		{F8663D4D-868F-4D3F-B1F1-FFABE1673D8C}.Release|x64.Deploy.0 = Release|x64
		{F8663D4D-868F-4D3F-B1F1-FFABE1673D8C}.Release|x86.ActiveCfg = Release|x86
		{F8663D4D-868F-4D3F-B1F1-FFABE1673D8C}.Release|x86.Build.0 = Release|x86
		{F8663D4D-868F-4D3F-B1F1-FFABE1673D8C}.Release|x86.Deploy.0 = Release|x86
		{3B21B2AF-8377-48B8-86E1-F8C347BE4BB0}.Debug|Any CPU.ActiveCfg = Debug|Any CPU
		{3B21B2AF-8377-48B8-86E1-F8C347BE4BB0}.Debug|Any CPU.Build.0 = Debug|Any CPU
		{3B21B2AF-8377-48B8-86E1-F8C347BE4BB0}.Debug|Any CPU.Deploy.0 = Debug|Any CPU
		{3B21B2AF-8377-48B8-86E1-F8C347BE4BB0}.Debug|ARM.ActiveCfg = Debug|Any CPU
		{3B21B2AF-8377-48B8-86E1-F8C347BE4BB0}.Debug|ARM.Build.0 = Debug|Any CPU
		{3B21B2AF-8377-48B8-86E1-F8C347BE4BB0}.Debug|ARM.Deploy.0 = Debug|Any CPU
		{3B21B2AF-8377-48B8-86E1-F8C347BE4BB0}.Debug|ARM64.ActiveCfg = Debug|Any CPU
		{3B21B2AF-8377-48B8-86E1-F8C347BE4BB0}.Debug|ARM64.Build.0 = Debug|Any CPU
		{3B21B2AF-8377-48B8-86E1-F8C347BE4BB0}.Debug|ARM64.Deploy.0 = Debug|Any CPU
		{3B21B2AF-8377-48B8-86E1-F8C347BE4BB0}.Debug|x64.ActiveCfg = Debug|Any CPU
		{3B21B2AF-8377-48B8-86E1-F8C347BE4BB0}.Debug|x64.Build.0 = Debug|Any CPU
		{3B21B2AF-8377-48B8-86E1-F8C347BE4BB0}.Debug|x64.Deploy.0 = Debug|Any CPU
		{3B21B2AF-8377-48B8-86E1-F8C347BE4BB0}.Debug|x86.ActiveCfg = Debug|Any CPU
		{3B21B2AF-8377-48B8-86E1-F8C347BE4BB0}.Debug|x86.Build.0 = Debug|Any CPU
		{3B21B2AF-8377-48B8-86E1-F8C347BE4BB0}.Debug|x86.Deploy.0 = Debug|Any CPU
		{3B21B2AF-8377-48B8-86E1-F8C347BE4BB0}.Release|Any CPU.ActiveCfg = Release|Any CPU
		{3B21B2AF-8377-48B8-86E1-F8C347BE4BB0}.Release|Any CPU.Build.0 = Release|Any CPU
		{3B21B2AF-8377-48B8-86E1-F8C347BE4BB0}.Release|Any CPU.Deploy.0 = Release|Any CPU
		{3B21B2AF-8377-48B8-86E1-F8C347BE4BB0}.Release|ARM.ActiveCfg = Release|Any CPU
		{3B21B2AF-8377-48B8-86E1-F8C347BE4BB0}.Release|ARM.Build.0 = Release|Any CPU
		{3B21B2AF-8377-48B8-86E1-F8C347BE4BB0}.Release|ARM.Deploy.0 = Release|Any CPU
		{3B21B2AF-8377-48B8-86E1-F8C347BE4BB0}.Release|ARM64.ActiveCfg = Release|Any CPU
		{3B21B2AF-8377-48B8-86E1-F8C347BE4BB0}.Release|ARM64.Build.0 = Release|Any CPU
		{3B21B2AF-8377-48B8-86E1-F8C347BE4BB0}.Release|ARM64.Deploy.0 = Release|Any CPU
		{3B21B2AF-8377-48B8-86E1-F8C347BE4BB0}.Release|x64.ActiveCfg = Release|Any CPU
		{3B21B2AF-8377-48B8-86E1-F8C347BE4BB0}.Release|x64.Build.0 = Release|Any CPU
		{3B21B2AF-8377-48B8-86E1-F8C347BE4BB0}.Release|x64.Deploy.0 = Release|Any CPU
		{3B21B2AF-8377-48B8-86E1-F8C347BE4BB0}.Release|x86.ActiveCfg = Release|Any CPU
		{3B21B2AF-8377-48B8-86E1-F8C347BE4BB0}.Release|x86.Build.0 = Release|Any CPU
		{3B21B2AF-8377-48B8-86E1-F8C347BE4BB0}.Release|x86.Deploy.0 = Release|Any CPU
		{92CF1DCE-A7E0-403B-8682-05FAC66D9230}.Debug|Any CPU.ActiveCfg = Debug|x86
		{92CF1DCE-A7E0-403B-8682-05FAC66D9230}.Debug|ARM.ActiveCfg = Debug|ARM
		{92CF1DCE-A7E0-403B-8682-05FAC66D9230}.Debug|ARM.Build.0 = Debug|ARM
		{92CF1DCE-A7E0-403B-8682-05FAC66D9230}.Debug|ARM.Deploy.0 = Debug|ARM
		{92CF1DCE-A7E0-403B-8682-05FAC66D9230}.Debug|ARM64.ActiveCfg = Debug|ARM64
		{92CF1DCE-A7E0-403B-8682-05FAC66D9230}.Debug|ARM64.Build.0 = Debug|ARM64
		{92CF1DCE-A7E0-403B-8682-05FAC66D9230}.Debug|ARM64.Deploy.0 = Debug|ARM64
		{92CF1DCE-A7E0-403B-8682-05FAC66D9230}.Debug|x64.ActiveCfg = Debug|x64
		{92CF1DCE-A7E0-403B-8682-05FAC66D9230}.Debug|x64.Build.0 = Debug|x64
		{92CF1DCE-A7E0-403B-8682-05FAC66D9230}.Debug|x64.Deploy.0 = Debug|x64
		{92CF1DCE-A7E0-403B-8682-05FAC66D9230}.Debug|x86.ActiveCfg = Debug|x86
		{92CF1DCE-A7E0-403B-8682-05FAC66D9230}.Debug|x86.Build.0 = Debug|x86
		{92CF1DCE-A7E0-403B-8682-05FAC66D9230}.Debug|x86.Deploy.0 = Debug|x86
		{92CF1DCE-A7E0-403B-8682-05FAC66D9230}.Release|Any CPU.ActiveCfg = Release|x86
		{92CF1DCE-A7E0-403B-8682-05FAC66D9230}.Release|ARM.ActiveCfg = Release|ARM
		{92CF1DCE-A7E0-403B-8682-05FAC66D9230}.Release|ARM.Build.0 = Release|ARM
		{92CF1DCE-A7E0-403B-8682-05FAC66D9230}.Release|ARM.Deploy.0 = Release|ARM
		{92CF1DCE-A7E0-403B-8682-05FAC66D9230}.Release|ARM64.ActiveCfg = Release|ARM64
		{92CF1DCE-A7E0-403B-8682-05FAC66D9230}.Release|ARM64.Build.0 = Release|ARM64
		{92CF1DCE-A7E0-403B-8682-05FAC66D9230}.Release|ARM64.Deploy.0 = Release|ARM64
		{92CF1DCE-A7E0-403B-8682-05FAC66D9230}.Release|x64.ActiveCfg = Release|x64
		{92CF1DCE-A7E0-403B-8682-05FAC66D9230}.Release|x64.Build.0 = Release|x64
		{92CF1DCE-A7E0-403B-8682-05FAC66D9230}.Release|x64.Deploy.0 = Release|x64
		{92CF1DCE-A7E0-403B-8682-05FAC66D9230}.Release|x86.ActiveCfg = Release|x86
		{92CF1DCE-A7E0-403B-8682-05FAC66D9230}.Release|x86.Build.0 = Release|x86
		{92CF1DCE-A7E0-403B-8682-05FAC66D9230}.Release|x86.Deploy.0 = Release|x86
		{D4DCC15C-2648-4B55-8305-7305BA10B606}.Debug|Any CPU.ActiveCfg = Debug|Any CPU
		{D4DCC15C-2648-4B55-8305-7305BA10B606}.Debug|Any CPU.Build.0 = Debug|Any CPU
		{D4DCC15C-2648-4B55-8305-7305BA10B606}.Debug|ARM.ActiveCfg = Debug|Any CPU
		{D4DCC15C-2648-4B55-8305-7305BA10B606}.Debug|ARM.Build.0 = Debug|Any CPU
		{D4DCC15C-2648-4B55-8305-7305BA10B606}.Debug|ARM64.ActiveCfg = Debug|Any CPU
		{D4DCC15C-2648-4B55-8305-7305BA10B606}.Debug|ARM64.Build.0 = Debug|Any CPU
		{D4DCC15C-2648-4B55-8305-7305BA10B606}.Debug|x64.ActiveCfg = Debug|Any CPU
		{D4DCC15C-2648-4B55-8305-7305BA10B606}.Debug|x64.Build.0 = Debug|Any CPU
		{D4DCC15C-2648-4B55-8305-7305BA10B606}.Debug|x86.ActiveCfg = Debug|Any CPU
		{D4DCC15C-2648-4B55-8305-7305BA10B606}.Debug|x86.Build.0 = Debug|Any CPU
		{D4DCC15C-2648-4B55-8305-7305BA10B606}.Release|Any CPU.ActiveCfg = Release|Any CPU
		{D4DCC15C-2648-4B55-8305-7305BA10B606}.Release|Any CPU.Build.0 = Release|Any CPU
		{D4DCC15C-2648-4B55-8305-7305BA10B606}.Release|ARM.ActiveCfg = Release|Any CPU
		{D4DCC15C-2648-4B55-8305-7305BA10B606}.Release|ARM.Build.0 = Release|Any CPU
		{D4DCC15C-2648-4B55-8305-7305BA10B606}.Release|ARM64.ActiveCfg = Release|Any CPU
		{D4DCC15C-2648-4B55-8305-7305BA10B606}.Release|ARM64.Build.0 = Release|Any CPU
		{D4DCC15C-2648-4B55-8305-7305BA10B606}.Release|x64.ActiveCfg = Release|Any CPU
		{D4DCC15C-2648-4B55-8305-7305BA10B606}.Release|x64.Build.0 = Release|Any CPU
		{D4DCC15C-2648-4B55-8305-7305BA10B606}.Release|x86.ActiveCfg = Release|Any CPU
		{D4DCC15C-2648-4B55-8305-7305BA10B606}.Release|x86.Build.0 = Release|Any CPU
	EndGlobalSection
	GlobalSection(SolutionProperties) = preSolution
		HideSolutionNode = FALSE
	EndGlobalSection
	GlobalSection(ExtensibilityGlobals) = postSolution
		SolutionGuid = {BA3F4E8B-264B-499A-B458-964FEB4D72D1}
	EndGlobalSection
EndGlobal
