
Microsoft Visual Studio Solution File, Format Version 12.00
# Visual Studio Version 16
VisualStudioVersion = 16.0.29209.152
MinimumVisualStudioVersion = 10.0.40219.1
Project("{2150E333-8FDC-42A3-9474-1A3956D46DE8}") = "src", "src", "{106AE906-5075-410A-B941-912F811848EE}"
EndProject
Project("{2150E333-8FDC-42A3-9474-1A3956D46DE8}") = "tests", "tests", "{B31B4797-1D9F-4288-808C-BE9A31A98C7D}"
EndProject
Project("{2150E333-8FDC-42A3-9474-1A3956D46DE8}") = "Solution Items", "Solution Items", "{250F283E-FE2F-4BBD-9E63-A2265B84E23F}"
	ProjectSection(SolutionItems) = preProject
		.bettercodehub.yml = .bettercodehub.yml
		.codebeatignore = .codebeatignore
		.gitignore = .gitignore
		.hound.yml = .hound.yml
		.sonarcloud.properties = .sonarcloud.properties
		appveyor.yml = appveyor.yml
		azure-pipelines.yml = azure-pipelines.yml
		DeploymentSettings.props = DeploymentSettings.props
		Directory.Build.props = Directory.Build.props
		Directory.Build.targets = Directory.Build.targets
		nuget.config = nuget.config
		Packages.props = Packages.props
	EndProjectSection
EndProject
Project("{9A19103F-16F7-4668-BE54-9A1E7A4F7556}") = "NEWPROJECT_CleanArchitecture.FunctionalTests", "tests\NEWPROJECT_CleanArchitecture.FunctionalTests\NEWPROJECT_CleanArchitecture.FunctionalTests.csproj", "{7D84EFEE-A7D9-44AD-A0A3-38EC7882D94C}"
EndProject
Project("{9A19103F-16F7-4668-BE54-9A1E7A4F7556}") = "NEWPROJECT_CleanArchitecture.IntegrationTests", "tests\NEWPROJECT_CleanArchitecture.IntegrationTests\NEWPROJECT_CleanArchitecture.IntegrationTests.csproj", "{0776DC14-9000-47A4-A3F4-ECBCF8CEBC17}"
EndProject
Project("{9A19103F-16F7-4668-BE54-9A1E7A4F7556}") = "NEWPROJECT_CleanArchitecture.UnitTests", "tests\NEWPROJECT_CleanArchitecture.UnitTests\NEWPROJECT_CleanArchitecture.UnitTests.csproj", "{1DC7F5A0-DDF7-4975-84EB-05F4FC1B6AB5}"
EndProject
Project("{9A19103F-16F7-4668-BE54-9A1E7A4F7556}") = "NEWPROJECT-CleanArchitecture.SharedKernel", "src\NEWPROJECT-CleanArchitecture.SharedKernel\NEWPROJECT-CleanArchitecture.SharedKernel.csproj", "{91A1C648-9E0E-4810-89D9-8D2FFC4525F0}"
EndProject
Project("{9A19103F-16F7-4668-BE54-9A1E7A4F7556}") = "NEWPROJECT-CleanArchitecture.Infrastructure", "src\NEWPROJECT-CleanArchitecture.Infrastructure\NEWPROJECT-CleanArchitecture.Infrastructure.csproj", "{7B7C2605-78D8-4CBF-8F4D-7274BC532C76}"
EndProject
Project("{9A19103F-16F7-4668-BE54-9A1E7A4F7556}") = "NEWPROJECT-CleanArchitecture.Core", "src\NEWPROJECT-CleanArchitecture.Core\NEWPROJECT-CleanArchitecture.Core.csproj", "{1CF01FFA-6747-47F9-BC17-C101A6DEF2D6}"
EndProject
Project("{9A19103F-16F7-4668-BE54-9A1E7A4F7556}") = "NEWPROJECT-CleanArchitecture.Web", "src\NEWPROJECT-CleanArchitecture.Web\NEWPROJECT-CleanArchitecture.Web.csproj", "{44FCF363-EC45-42EC-9756-946D9F5E8031}"
EndProject
Project("{9A19103F-16F7-4668-BE54-9A1E7A4F7556}") = "ASSETS-Don't-Panick", "..\ASSETS-Don't-Panick\ASSETS-Don't-Panick.csproj", "{8C780FEA-98EA-43DB-BACA-1D3081E5162E}"
EndProject
Global
	GlobalSection(SolutionConfigurationPlatforms) = preSolution
		Debug|Any CPU = Debug|Any CPU
		Debug|x64 = Debug|x64
		Debug|x86 = Debug|x86
		Release|Any CPU = Release|Any CPU
		Release|x64 = Release|x64
		Release|x86 = Release|x86
	EndGlobalSection
	GlobalSection(ProjectConfigurationPlatforms) = postSolution
		{7D84EFEE-A7D9-44AD-A0A3-38EC7882D94C}.Debug|Any CPU.ActiveCfg = Debug|Any CPU
		{7D84EFEE-A7D9-44AD-A0A3-38EC7882D94C}.Debug|Any CPU.Build.0 = Debug|Any CPU
		{7D84EFEE-A7D9-44AD-A0A3-38EC7882D94C}.Debug|x64.ActiveCfg = Debug|Any CPU
		{7D84EFEE-A7D9-44AD-A0A3-38EC7882D94C}.Debug|x64.Build.0 = Debug|Any CPU
		{7D84EFEE-A7D9-44AD-A0A3-38EC7882D94C}.Debug|x86.ActiveCfg = Debug|Any CPU
		{7D84EFEE-A7D9-44AD-A0A3-38EC7882D94C}.Debug|x86.Build.0 = Debug|Any CPU
		{7D84EFEE-A7D9-44AD-A0A3-38EC7882D94C}.Release|Any CPU.ActiveCfg = Release|Any CPU
		{7D84EFEE-A7D9-44AD-A0A3-38EC7882D94C}.Release|Any CPU.Build.0 = Release|Any CPU
		{7D84EFEE-A7D9-44AD-A0A3-38EC7882D94C}.Release|x64.ActiveCfg = Release|Any CPU
		{7D84EFEE-A7D9-44AD-A0A3-38EC7882D94C}.Release|x64.Build.0 = Release|Any CPU
		{7D84EFEE-A7D9-44AD-A0A3-38EC7882D94C}.Release|x86.ActiveCfg = Release|Any CPU
		{7D84EFEE-A7D9-44AD-A0A3-38EC7882D94C}.Release|x86.Build.0 = Release|Any CPU
		{0776DC14-9000-47A4-A3F4-ECBCF8CEBC17}.Debug|Any CPU.ActiveCfg = Debug|Any CPU
		{0776DC14-9000-47A4-A3F4-ECBCF8CEBC17}.Debug|Any CPU.Build.0 = Debug|Any CPU
		{0776DC14-9000-47A4-A3F4-ECBCF8CEBC17}.Debug|x64.ActiveCfg = Debug|Any CPU
		{0776DC14-9000-47A4-A3F4-ECBCF8CEBC17}.Debug|x64.Build.0 = Debug|Any CPU
		{0776DC14-9000-47A4-A3F4-ECBCF8CEBC17}.Debug|x86.ActiveCfg = Debug|Any CPU
		{0776DC14-9000-47A4-A3F4-ECBCF8CEBC17}.Debug|x86.Build.0 = Debug|Any CPU
		{0776DC14-9000-47A4-A3F4-ECBCF8CEBC17}.Release|Any CPU.ActiveCfg = Release|Any CPU
		{0776DC14-9000-47A4-A3F4-ECBCF8CEBC17}.Release|Any CPU.Build.0 = Release|Any CPU
		{0776DC14-9000-47A4-A3F4-ECBCF8CEBC17}.Release|x64.ActiveCfg = Release|Any CPU
		{0776DC14-9000-47A4-A3F4-ECBCF8CEBC17}.Release|x64.Build.0 = Release|Any CPU
		{0776DC14-9000-47A4-A3F4-ECBCF8CEBC17}.Release|x86.ActiveCfg = Release|Any CPU
		{0776DC14-9000-47A4-A3F4-ECBCF8CEBC17}.Release|x86.Build.0 = Release|Any CPU
		{1DC7F5A0-DDF7-4975-84EB-05F4FC1B6AB5}.Debug|Any CPU.ActiveCfg = Debug|Any CPU
		{1DC7F5A0-DDF7-4975-84EB-05F4FC1B6AB5}.Debug|Any CPU.Build.0 = Debug|Any CPU
		{1DC7F5A0-DDF7-4975-84EB-05F4FC1B6AB5}.Debug|x64.ActiveCfg = Debug|Any CPU
		{1DC7F5A0-DDF7-4975-84EB-05F4FC1B6AB5}.Debug|x64.Build.0 = Debug|Any CPU
		{1DC7F5A0-DDF7-4975-84EB-05F4FC1B6AB5}.Debug|x86.ActiveCfg = Debug|Any CPU
		{1DC7F5A0-DDF7-4975-84EB-05F4FC1B6AB5}.Debug|x86.Build.0 = Debug|Any CPU
		{1DC7F5A0-DDF7-4975-84EB-05F4FC1B6AB5}.Release|Any CPU.ActiveCfg = Release|Any CPU
		{1DC7F5A0-DDF7-4975-84EB-05F4FC1B6AB5}.Release|Any CPU.Build.0 = Release|Any CPU
		{1DC7F5A0-DDF7-4975-84EB-05F4FC1B6AB5}.Release|x64.ActiveCfg = Release|Any CPU
		{1DC7F5A0-DDF7-4975-84EB-05F4FC1B6AB5}.Release|x64.Build.0 = Release|Any CPU
		{1DC7F5A0-DDF7-4975-84EB-05F4FC1B6AB5}.Release|x86.ActiveCfg = Release|Any CPU
		{1DC7F5A0-DDF7-4975-84EB-05F4FC1B6AB5}.Release|x86.Build.0 = Release|Any CPU
		{91A1C648-9E0E-4810-89D9-8D2FFC4525F0}.Debug|Any CPU.ActiveCfg = Debug|Any CPU
		{91A1C648-9E0E-4810-89D9-8D2FFC4525F0}.Debug|Any CPU.Build.0 = Debug|Any CPU
		{91A1C648-9E0E-4810-89D9-8D2FFC4525F0}.Debug|x64.ActiveCfg = Debug|Any CPU
		{91A1C648-9E0E-4810-89D9-8D2FFC4525F0}.Debug|x64.Build.0 = Debug|Any CPU
		{91A1C648-9E0E-4810-89D9-8D2FFC4525F0}.Debug|x86.ActiveCfg = Debug|Any CPU
		{91A1C648-9E0E-4810-89D9-8D2FFC4525F0}.Debug|x86.Build.0 = Debug|Any CPU
		{91A1C648-9E0E-4810-89D9-8D2FFC4525F0}.Release|Any CPU.ActiveCfg = Release|Any CPU
		{91A1C648-9E0E-4810-89D9-8D2FFC4525F0}.Release|Any CPU.Build.0 = Release|Any CPU
		{91A1C648-9E0E-4810-89D9-8D2FFC4525F0}.Release|x64.ActiveCfg = Release|Any CPU
		{91A1C648-9E0E-4810-89D9-8D2FFC4525F0}.Release|x64.Build.0 = Release|Any CPU
		{91A1C648-9E0E-4810-89D9-8D2FFC4525F0}.Release|x86.ActiveCfg = Release|Any CPU
		{91A1C648-9E0E-4810-89D9-8D2FFC4525F0}.Release|x86.Build.0 = Release|Any CPU
		{7B7C2605-78D8-4CBF-8F4D-7274BC532C76}.Debug|Any CPU.ActiveCfg = Debug|Any CPU
		{7B7C2605-78D8-4CBF-8F4D-7274BC532C76}.Debug|Any CPU.Build.0 = Debug|Any CPU
		{7B7C2605-78D8-4CBF-8F4D-7274BC532C76}.Debug|x64.ActiveCfg = Debug|Any CPU
		{7B7C2605-78D8-4CBF-8F4D-7274BC532C76}.Debug|x64.Build.0 = Debug|Any CPU
		{7B7C2605-78D8-4CBF-8F4D-7274BC532C76}.Debug|x86.ActiveCfg = Debug|Any CPU
		{7B7C2605-78D8-4CBF-8F4D-7274BC532C76}.Debug|x86.Build.0 = Debug|Any CPU
		{7B7C2605-78D8-4CBF-8F4D-7274BC532C76}.Release|Any CPU.ActiveCfg = Release|Any CPU
		{7B7C2605-78D8-4CBF-8F4D-7274BC532C76}.Release|Any CPU.Build.0 = Release|Any CPU
		{7B7C2605-78D8-4CBF-8F4D-7274BC532C76}.Release|x64.ActiveCfg = Release|Any CPU
		{7B7C2605-78D8-4CBF-8F4D-7274BC532C76}.Release|x64.Build.0 = Release|Any CPU
		{7B7C2605-78D8-4CBF-8F4D-7274BC532C76}.Release|x86.ActiveCfg = Release|Any CPU
		{7B7C2605-78D8-4CBF-8F4D-7274BC532C76}.Release|x86.Build.0 = Release|Any CPU
		{1CF01FFA-6747-47F9-BC17-C101A6DEF2D6}.Debug|Any CPU.ActiveCfg = Debug|Any CPU
		{1CF01FFA-6747-47F9-BC17-C101A6DEF2D6}.Debug|Any CPU.Build.0 = Debug|Any CPU
		{1CF01FFA-6747-47F9-BC17-C101A6DEF2D6}.Debug|x64.ActiveCfg = Debug|Any CPU
		{1CF01FFA-6747-47F9-BC17-C101A6DEF2D6}.Debug|x64.Build.0 = Debug|Any CPU
		{1CF01FFA-6747-47F9-BC17-C101A6DEF2D6}.Debug|x86.ActiveCfg = Debug|Any CPU
		{1CF01FFA-6747-47F9-BC17-C101A6DEF2D6}.Debug|x86.Build.0 = Debug|Any CPU
		{1CF01FFA-6747-47F9-BC17-C101A6DEF2D6}.Release|Any CPU.ActiveCfg = Release|Any CPU
		{1CF01FFA-6747-47F9-BC17-C101A6DEF2D6}.Release|Any CPU.Build.0 = Release|Any CPU
		{1CF01FFA-6747-47F9-BC17-C101A6DEF2D6}.Release|x64.ActiveCfg = Release|Any CPU
		{1CF01FFA-6747-47F9-BC17-C101A6DEF2D6}.Release|x64.Build.0 = Release|Any CPU
		{1CF01FFA-6747-47F9-BC17-C101A6DEF2D6}.Release|x86.ActiveCfg = Release|Any CPU
		{1CF01FFA-6747-47F9-BC17-C101A6DEF2D6}.Release|x86.Build.0 = Release|Any CPU
		{44FCF363-EC45-42EC-9756-946D9F5E8031}.Debug|Any CPU.ActiveCfg = Debug|Any CPU
		{44FCF363-EC45-42EC-9756-946D9F5E8031}.Debug|Any CPU.Build.0 = Debug|Any CPU
		{44FCF363-EC45-42EC-9756-946D9F5E8031}.Debug|x64.ActiveCfg = Debug|Any CPU
		{44FCF363-EC45-42EC-9756-946D9F5E8031}.Debug|x64.Build.0 = Debug|Any CPU
		{44FCF363-EC45-42EC-9756-946D9F5E8031}.Debug|x86.ActiveCfg = Debug|Any CPU
		{44FCF363-EC45-42EC-9756-946D9F5E8031}.Debug|x86.Build.0 = Debug|Any CPU
		{44FCF363-EC45-42EC-9756-946D9F5E8031}.Release|Any CPU.ActiveCfg = Release|Any CPU
		{44FCF363-EC45-42EC-9756-946D9F5E8031}.Release|Any CPU.Build.0 = Release|Any CPU
		{44FCF363-EC45-42EC-9756-946D9F5E8031}.Release|x64.ActiveCfg = Release|Any CPU
		{44FCF363-EC45-42EC-9756-946D9F5E8031}.Release|x64.Build.0 = Release|Any CPU
		{44FCF363-EC45-42EC-9756-946D9F5E8031}.Release|x86.ActiveCfg = Release|Any CPU
		{44FCF363-EC45-42EC-9756-946D9F5E8031}.Release|x86.Build.0 = Release|Any CPU
		{8C780FEA-98EA-43DB-BACA-1D3081E5162E}.Debug|Any CPU.ActiveCfg = Debug|Any CPU
		{8C780FEA-98EA-43DB-BACA-1D3081E5162E}.Debug|Any CPU.Build.0 = Debug|Any CPU
		{8C780FEA-98EA-43DB-BACA-1D3081E5162E}.Debug|x64.ActiveCfg = Debug|Any CPU
		{8C780FEA-98EA-43DB-BACA-1D3081E5162E}.Debug|x64.Build.0 = Debug|Any CPU
		{8C780FEA-98EA-43DB-BACA-1D3081E5162E}.Debug|x86.ActiveCfg = Debug|Any CPU
		{8C780FEA-98EA-43DB-BACA-1D3081E5162E}.Debug|x86.Build.0 = Debug|Any CPU
		{8C780FEA-98EA-43DB-BACA-1D3081E5162E}.Release|Any CPU.ActiveCfg = Release|Any CPU
		{8C780FEA-98EA-43DB-BACA-1D3081E5162E}.Release|Any CPU.Build.0 = Release|Any CPU
		{8C780FEA-98EA-43DB-BACA-1D3081E5162E}.Release|x64.ActiveCfg = Release|Any CPU
		{8C780FEA-98EA-43DB-BACA-1D3081E5162E}.Release|x64.Build.0 = Release|Any CPU
		{8C780FEA-98EA-43DB-BACA-1D3081E5162E}.Release|x86.ActiveCfg = Release|Any CPU
		{8C780FEA-98EA-43DB-BACA-1D3081E5162E}.Release|x86.Build.0 = Release|Any CPU
	EndGlobalSection
	GlobalSection(SolutionProperties) = preSolution
		HideSolutionNode = FALSE
	EndGlobalSection
	GlobalSection(NestedProjects) = preSolution
		{7D84EFEE-A7D9-44AD-A0A3-38EC7882D94C} = {B31B4797-1D9F-4288-808C-BE9A31A98C7D}
		{0776DC14-9000-47A4-A3F4-ECBCF8CEBC17} = {B31B4797-1D9F-4288-808C-BE9A31A98C7D}
		{1DC7F5A0-DDF7-4975-84EB-05F4FC1B6AB5} = {B31B4797-1D9F-4288-808C-BE9A31A98C7D}
		{91A1C648-9E0E-4810-89D9-8D2FFC4525F0} = {106AE906-5075-410A-B941-912F811848EE}
		{7B7C2605-78D8-4CBF-8F4D-7274BC532C76} = {106AE906-5075-410A-B941-912F811848EE}
		{1CF01FFA-6747-47F9-BC17-C101A6DEF2D6} = {106AE906-5075-410A-B941-912F811848EE}
		{44FCF363-EC45-42EC-9756-946D9F5E8031} = {106AE906-5075-410A-B941-912F811848EE}
	EndGlobalSection
	GlobalSection(ExtensibilityGlobals) = postSolution
		SolutionGuid = {B0F19343-8185-4A9F-9165-0EA8544BC925}
	EndGlobalSection
EndGlobal
